
Microsoft Visual Studio Solution File, Format Version 12.00
# Visual Studio Version 16
VisualStudioVersion = 16.0.30621.155
MinimumVisualStudioVersion = 10.0.40219.1
Project("{FAE04EC0-301F-11D3-BF4B-00C04F79EFBC}") = "WindowsFormsApp1", "WindowsFormsApp1\WindowsFormsApp1.csproj", "{AD9911CF-E8D3-4E15-8608-81FC92D51132}"
EndProject
Global
	GlobalSection(SolutionConfigurationPlatforms) = preSolution
		Debug|Any CPU = Debug|Any CPU
		Release|Any CPU = Release|Any CPU
	EndGlobalSection
	GlobalSection(ProjectConfigurationPlatforms) = postSolution
		{AD9911CF-E8D3-4E15-8608-81FC92D51132}.Debug|Any CPU.ActiveCfg = Debug|Any CPU
		{AD9911CF-E8D3-4E15-8608-81FC92D51132}.Debug|Any CPU.Build.0 = Debug|Any CPU
		{AD9911CF-E8D3-4E15-8608-81FC92D51132}.Release|Any CPU.ActiveCfg = Release|Any CPU
		{AD9911CF-E8D3-4E15-8608-81FC92D51132}.Release|Any CPU.Build.0 = Release|Any CPU
	EndGlobalSection
	GlobalSection(SolutionProperties) = preSolution
		HideSolutionNode = FALSE
	EndGlobalSection
	GlobalSection(ExtensibilityGlobals) = postSolution
		SolutionGuid = {B29CA670-230C-44F8-B495-702D396B911A}
	EndGlobalSection
EndGlobal
